{
  "name": "stock-price-back",
  "lockfileVersion": 3,
  "requires": true,
  "packages": {
    "": {
      "dependencies": {
        "@music-club-international-s-de-rl-de-cv/epicor-structure-api": "^0.0.3"
      }
    },
    "node_modules/@music-club-international-s-de-rl-de-cv/epicor-structure-api": {
      "version": "0.0.3",
      "resolved": "https://npm.pkg.github.com/download/@music-club-international-s-de-rl-de-cv/epicor-structure-api/0.0.3/cee7f7296a1de9d1d27a0c0401016cc643cd7629",
      "integrity": "sha512-7Ywsdf2A+2nah4eJfkafBuu96nB9s4uVFn8ECh0x2//tvgrbuFnsPCenyM6Yg5P8fPkYONGgsyxZyC9176sLOQ==",
      "license": "ISC",
      "dependencies": {
        "luxon": "^3.6.1"
      }
    },
    "node_modules/luxon": {
      "version": "3.6.1",
      "resolved": "https://registry.npmjs.org/luxon/-/luxon-3.6.1.tgz",
      "integrity": "sha512-tJLxrKJhO2ukZ5z0gyjY1zPh3Rh88Ej9P7jNrZiHMUXHae1yvI2imgOZtL1TO8TW6biMMKfTtAOoEJANgtWBMQ==",
      "license": "MIT",
      "engines": {
        "node": ">=12"
      }
    }
  }
}
